
Microsoft Visual Studio Solution File, Format Version 12.00
# Visual Studio Version 16
VisualStudioVersion = 16.0.30907.101
MinimumVisualStudioVersion = 10.0.40219.1
Project("{FAE04EC0-301F-11D3-BF4B-00C04F79EFBC}") = "Windows Monitors Resolution Detection", "Windows Monitors Resolution Detection\Windows Monitors Resolution Detection.csproj", "{6B4C02BE-360A-47BF-A3E3-429657FE5408}"
EndProject
Global
	GlobalSection(SolutionConfigurationPlatforms) = preSolution
		Debug|Any CPU = Debug|Any CPU
		Release|Any CPU = Release|Any CPU
	EndGlobalSection
	GlobalSection(ProjectConfigurationPlatforms) = postSolution
		{6B4C02BE-360A-47BF-A3E3-429657FE5408}.Debug|Any CPU.ActiveCfg = Debug|Any CPU
		{6B4C02BE-360A-47BF-A3E3-429657FE5408}.Debug|Any CPU.Build.0 = Debug|Any CPU
		{6B4C02BE-360A-47BF-A3E3-429657FE5408}.Release|Any CPU.ActiveCfg = Release|Any CPU
		{6B4C02BE-360A-47BF-A3E3-429657FE5408}.Release|Any CPU.Build.0 = Release|Any CPU
	EndGlobalSection
	GlobalSection(SolutionProperties) = preSolution
		HideSolutionNode = FALSE
	EndGlobalSection
	GlobalSection(ExtensibilityGlobals) = postSolution
		SolutionGuid = {EA1A2C29-48C9-49F2-A21B-1C5940EC2BCC}
	EndGlobalSection
EndGlobal
